
Microsoft Visual Studio Solution File, Format Version 12.00
# Visual Studio Version 17
VisualStudioVersion = 17.0.31912.275
MinimumVisualStudioVersion = 10.0.40219.1
Project("{8BC9CEB8-8B4A-11D0-8D11-00A0C91BC942}") = "Labor6.1ITER", "Labor6.1ITER\Labor6.1ITER.vcxproj", "{DA5A9E40-3122-460E-8A0E-53BAC772293C}"
EndProject
Project("{8BC9CEB8-8B4A-11D0-8D11-00A0C91BC942}") = "UnitTest6.1", "UnitTest6.1\UnitTest6.1.vcxproj", "{A407914A-0040-4C3E-9DCD-6CD6346A1041}"
EndProject
Global
	GlobalSection(SolutionConfigurationPlatforms) = preSolution
		Debug|x64 = Debug|x64
		Debug|x86 = Debug|x86
		Release|x64 = Release|x64
		Release|x86 = Release|x86
	EndGlobalSection
	GlobalSection(ProjectConfigurationPlatforms) = postSolution
		{DA5A9E40-3122-460E-8A0E-53BAC772293C}.Debug|x64.ActiveCfg = Debug|x64
		{DA5A9E40-3122-460E-8A0E-53BAC772293C}.Debug|x64.Build.0 = Debug|x64
		{DA5A9E40-3122-460E-8A0E-53BAC772293C}.Debug|x86.ActiveCfg = Debug|Win32
		{DA5A9E40-3122-460E-8A0E-53BAC772293C}.Debug|x86.Build.0 = Debug|Win32
		{DA5A9E40-3122-460E-8A0E-53BAC772293C}.Release|x64.ActiveCfg = Release|x64
		{DA5A9E40-3122-460E-8A0E-53BAC772293C}.Release|x64.Build.0 = Release|x64
		{DA5A9E40-3122-460E-8A0E-53BAC772293C}.Release|x86.ActiveCfg = Release|Win32
		{DA5A9E40-3122-460E-8A0E-53BAC772293C}.Release|x86.Build.0 = Release|Win32
		{A407914A-0040-4C3E-9DCD-6CD6346A1041}.Debug|x64.ActiveCfg = Debug|x64
		{A407914A-0040-4C3E-9DCD-6CD6346A1041}.Debug|x64.Build.0 = Debug|x64
		{A407914A-0040-4C3E-9DCD-6CD6346A1041}.Debug|x86.ActiveCfg = Debug|Win32
		{A407914A-0040-4C3E-9DCD-6CD6346A1041}.Debug|x86.Build.0 = Debug|Win32
		{A407914A-0040-4C3E-9DCD-6CD6346A1041}.Release|x64.ActiveCfg = Release|x64
		{A407914A-0040-4C3E-9DCD-6CD6346A1041}.Release|x64.Build.0 = Release|x64
		{A407914A-0040-4C3E-9DCD-6CD6346A1041}.Release|x86.ActiveCfg = Release|Win32
		{A407914A-0040-4C3E-9DCD-6CD6346A1041}.Release|x86.Build.0 = Release|Win32
	EndGlobalSection
	GlobalSection(SolutionProperties) = preSolution
		HideSolutionNode = FALSE
	EndGlobalSection
	GlobalSection(ExtensibilityGlobals) = postSolution
		SolutionGuid = {4803B6A8-6199-4D46-A5E8-43CE43962345}
	EndGlobalSection
EndGlobal
